// !$*UTF8*$!
{
	archiveVersion = 1;
	classes = {
	};
	objectVersion = 46;
	objects = {

/* Begin PBXBuildFile section */
		B3E7B58A1CC2AC0600A0062D /* RNGetSocial.m in Sources */ = {isa = PBXBuildFile; fileRef = B3E7B5891CC2AC0600A0062D /* RNGetSocial.m */; };
		BC11113622AAF55D001B894D /* GetSocialInviteChannel+Json.m in Sources */ = {isa = PBXBuildFile; fileRef = BC11113322AAF55D001B894D /* GetSocialInviteChannel+Json.m */; };
		BC11113722AAF55D001B894D /* GetSocialInviteContent+Json.m in Sources */ = {isa = PBXBuildFile; fileRef = BC11113522AAF55D001B894D /* GetSocialInviteContent+Json.m */; };
		BC11113A22AAF60D001B894D /* UIImage+GetSocial.m in Sources */ = {isa = PBXBuildFile; fileRef = BC11113822AAF60D001B894D /* UIImage+GetSocial.m */; };
		BC2E50202269D7C300AB8286 /* GetSocialReferralData+Json.m in Sources */ = {isa = PBXBuildFile; fileRef = BC2E501C2269D7C300AB8286 /* GetSocialReferralData+Json.m */; };
		BC2E50212269D7C300AB8286 /* GetSocialReferredUser+Json.m in Sources */ = {isa = PBXBuildFile; fileRef = BC2E501D2269D7C300AB8286 /* GetSocialReferredUser+Json.m */; };
		BC2E50242269D7CB00AB8286 /* GetSocialPublicUser+Json.m in Sources */ = {isa = PBXBuildFile; fileRef = BC2E50232269D7CA00AB8286 /* GetSocialPublicUser+Json.m */; };
		BC2E50342269D86400AB8286 /* NSError+GetSocial.m in Sources */ = {isa = PBXBuildFile; fileRef = BC2E50282269D86300AB8286 /* NSError+GetSocial.m */; };
		BC2E50352269D86400AB8286 /* NSArray+GetSocial.m in Sources */ = {isa = PBXBuildFile; fileRef = BC2E502D2269D86300AB8286 /* NSArray+GetSocial.m */; };
		BC2E50362269D86400AB8286 /* NSMutableDictionary+GetSocial.m in Sources */ = {isa = PBXBuildFile; fileRef = BC2E502E2269D86300AB8286 /* NSMutableDictionary+GetSocial.m */; };
		BC2E50372269D86400AB8286 /* NSDictionary+GetSocial.m in Sources */ = {isa = PBXBuildFile; fileRef = BC2E502F2269D86300AB8286 /* NSDictionary+GetSocial.m */; };
		BC2E50382269D86400AB8286 /* NSObject+Json.m in Sources */ = {isa = PBXBuildFile; fileRef = BC2E50312269D86300AB8286 /* NSObject+Json.m */; };
		BC6507F122A966EE007CC248 /* GetSocialSuggestedFriend+Json.m in Sources */ = {isa = PBXBuildFile; fileRef = BC6507F022A966EE007CC248 /* GetSocialSuggestedFriend+Json.m */; };
		BC84890D22B9787F001C43ED /* GetSocialUserReference+Json.m in Sources */ = {isa = PBXBuildFile; fileRef = BC84890C22B9787F001C43ED /* GetSocialUserReference+Json.m */; };
		BC9BF9C822CF76DE00B0136C /* GetSocialNotificationsSummary+Json.m in Sources */ = {isa = PBXBuildFile; fileRef = BC9BF9C222CF76DE00B0136C /* GetSocialNotificationsSummary+Json.m */; };
		BC9BF9C922CF76DE00B0136C /* GetSocialNotification+Json.m in Sources */ = {isa = PBXBuildFile; fileRef = BC9BF9C422CF76DE00B0136C /* GetSocialNotification+Json.m */; };
		BC9BF9CA22CF76DE00B0136C /* GetSocialActionButton+Json.m in Sources */ = {isa = PBXBuildFile; fileRef = BC9BF9C622CF76DE00B0136C /* GetSocialActionButton+Json.m */; };
		BC9BF9CE22CF781800B0136C /* GetSocialAction+Json.m in Sources */ = {isa = PBXBuildFile; fileRef = BC9BF9CC22CF781800B0136C /* GetSocialAction+Json.m */; };
/* End PBXBuildFile section */

/* Begin PBXCopyFilesBuildPhase section */
		58B511D91A9E6C8500147676 /* CopyFiles */ = {
			isa = PBXCopyFilesBuildPhase;
			buildActionMask = 2147483647;
			dstPath = "include/$(PRODUCT_NAME)";
			dstSubfolderSpec = 16;
			files = (
			);
			runOnlyForDeploymentPostprocessing = 0;
		};
/* End PBXCopyFilesBuildPhase section */

/* Begin PBXFileReference section */
		134814201AA4EA6300B7C361 /* libRNGetSocial.a */ = {isa = PBXFileReference; explicitFileType = archive.ar; includeInIndex = 0; path = libRNGetSocial.a; sourceTree = BUILT_PRODUCTS_DIR; };
		B3E7B5881CC2AC0600A0062D /* RNGetSocial.h */ = {isa = PBXFileReference; fileEncoding = 4; lastKnownFileType = sourcecode.c.h; path = RNGetSocial.h; sourceTree = "<group>"; };
		B3E7B5891CC2AC0600A0062D /* RNGetSocial.m */ = {isa = PBXFileReference; fileEncoding = 4; lastKnownFileType = sourcecode.c.objc; path = RNGetSocial.m; sourceTree = "<group>"; };
		BC11113222AAF55D001B894D /* GetSocialInviteContent+Json.h */ = {isa = PBXFileReference; fileEncoding = 4; lastKnownFileType = sourcecode.c.h; path = "GetSocialInviteContent+Json.h"; sourceTree = "<group>"; };
		BC11113322AAF55D001B894D /* GetSocialInviteChannel+Json.m */ = {isa = PBXFileReference; fileEncoding = 4; lastKnownFileType = sourcecode.c.objc; path = "GetSocialInviteChannel+Json.m"; sourceTree = "<group>"; };
		BC11113422AAF55D001B894D /* GetSocialInviteChannel+Json.h */ = {isa = PBXFileReference; fileEncoding = 4; lastKnownFileType = sourcecode.c.h; path = "GetSocialInviteChannel+Json.h"; sourceTree = "<group>"; };
		BC11113522AAF55D001B894D /* GetSocialInviteContent+Json.m */ = {isa = PBXFileReference; fileEncoding = 4; lastKnownFileType = sourcecode.c.objc; path = "GetSocialInviteContent+Json.m"; sourceTree = "<group>"; };
		BC11113822AAF60D001B894D /* UIImage+GetSocial.m */ = {isa = PBXFileReference; fileEncoding = 4; lastKnownFileType = sourcecode.c.objc; name = "UIImage+GetSocial.m"; path = "CocoaExtensions/UIImage+GetSocial.m"; sourceTree = "<group>"; };
		BC11113922AAF60D001B894D /* UIImage+GetSocial.h */ = {isa = PBXFileReference; fileEncoding = 4; lastKnownFileType = sourcecode.c.h; name = "UIImage+GetSocial.h"; path = "CocoaExtensions/UIImage+GetSocial.h"; sourceTree = "<group>"; };
		BC2E501C2269D7C300AB8286 /* GetSocialReferralData+Json.m */ = {isa = PBXFileReference; fileEncoding = 4; lastKnownFileType = sourcecode.c.objc; path = "GetSocialReferralData+Json.m"; sourceTree = "<group>"; };
		BC2E501D2269D7C300AB8286 /* GetSocialReferredUser+Json.m */ = {isa = PBXFileReference; fileEncoding = 4; lastKnownFileType = sourcecode.c.objc; path = "GetSocialReferredUser+Json.m"; sourceTree = "<group>"; };
		BC2E501E2269D7C300AB8286 /* GetSocialReferredUser+Json.h */ = {isa = PBXFileReference; fileEncoding = 4; lastKnownFileType = sourcecode.c.h; path = "GetSocialReferredUser+Json.h"; sourceTree = "<group>"; };
		BC2E501F2269D7C300AB8286 /* GetSocialReferralData+Json.h */ = {isa = PBXFileReference; fileEncoding = 4; lastKnownFileType = sourcecode.c.h; path = "GetSocialReferralData+Json.h"; sourceTree = "<group>"; };
		BC2E50222269D7CA00AB8286 /* GetSocialPublicUser+Json.h */ = {isa = PBXFileReference; fileEncoding = 4; lastKnownFileType = sourcecode.c.h; path = "GetSocialPublicUser+Json.h"; sourceTree = "<group>"; };
		BC2E50232269D7CA00AB8286 /* GetSocialPublicUser+Json.m */ = {isa = PBXFileReference; fileEncoding = 4; lastKnownFileType = sourcecode.c.objc; path = "GetSocialPublicUser+Json.m"; sourceTree = "<group>"; };
		BC2E50252269D7DB00AB8286 /* Json.h */ = {isa = PBXFileReference; fileEncoding = 4; lastKnownFileType = sourcecode.c.h; path = Json.h; sourceTree = "<group>"; };
		BC2E50282269D86300AB8286 /* NSError+GetSocial.m */ = {isa = PBXFileReference; fileEncoding = 4; lastKnownFileType = sourcecode.c.objc; name = "NSError+GetSocial.m"; path = "CocoaExtensions/NSError+GetSocial.m"; sourceTree = "<group>"; };
		BC2E502A2269D86300AB8286 /* NSDictionary+GetSocial.h */ = {isa = PBXFileReference; fileEncoding = 4; lastKnownFileType = sourcecode.c.h; name = "NSDictionary+GetSocial.h"; path = "CocoaExtensions/NSDictionary+GetSocial.h"; sourceTree = "<group>"; };
		BC2E502B2269D86300AB8286 /* NSArray+GetSocial.h */ = {isa = PBXFileReference; fileEncoding = 4; lastKnownFileType = sourcecode.c.h; name = "NSArray+GetSocial.h"; path = "CocoaExtensions/NSArray+GetSocial.h"; sourceTree = "<group>"; };
		BC2E502C2269D86300AB8286 /* NSMutableDictionary+GetSocial.h */ = {isa = PBXFileReference; fileEncoding = 4; lastKnownFileType = sourcecode.c.h; name = "NSMutableDictionary+GetSocial.h"; path = "CocoaExtensions/NSMutableDictionary+GetSocial.h"; sourceTree = "<group>"; };
		BC2E502D2269D86300AB8286 /* NSArray+GetSocial.m */ = {isa = PBXFileReference; fileEncoding = 4; lastKnownFileType = sourcecode.c.objc; name = "NSArray+GetSocial.m"; path = "CocoaExtensions/NSArray+GetSocial.m"; sourceTree = "<group>"; };
		BC2E502E2269D86300AB8286 /* NSMutableDictionary+GetSocial.m */ = {isa = PBXFileReference; fileEncoding = 4; lastKnownFileType = sourcecode.c.objc; name = "NSMutableDictionary+GetSocial.m"; path = "CocoaExtensions/NSMutableDictionary+GetSocial.m"; sourceTree = "<group>"; };
		BC2E502F2269D86300AB8286 /* NSDictionary+GetSocial.m */ = {isa = PBXFileReference; fileEncoding = 4; lastKnownFileType = sourcecode.c.objc; name = "NSDictionary+GetSocial.m"; path = "CocoaExtensions/NSDictionary+GetSocial.m"; sourceTree = "<group>"; };
		BC2E50302269D86300AB8286 /* NSObject+Json.h */ = {isa = PBXFileReference; fileEncoding = 4; lastKnownFileType = sourcecode.c.h; name = "NSObject+Json.h"; path = "CocoaExtensions/NSObject+Json.h"; sourceTree = "<group>"; };
		BC2E50312269D86300AB8286 /* NSObject+Json.m */ = {isa = PBXFileReference; fileEncoding = 4; lastKnownFileType = sourcecode.c.objc; name = "NSObject+Json.m"; path = "CocoaExtensions/NSObject+Json.m"; sourceTree = "<group>"; };
		BC2E50322269D86400AB8286 /* NSError+GetSocial.h */ = {isa = PBXFileReference; fileEncoding = 4; lastKnownFileType = sourcecode.c.h; name = "NSError+GetSocial.h"; path = "CocoaExtensions/NSError+GetSocial.h"; sourceTree = "<group>"; };
		BC6507EF22A966EE007CC248 /* GetSocialSuggestedFriend+Json.h */ = {isa = PBXFileReference; fileEncoding = 4; lastKnownFileType = sourcecode.c.h; name = "GetSocialSuggestedFriend+Json.h"; path = "SocialGraph/GetSocialSuggestedFriend+Json.h"; sourceTree = "<group>"; };
		BC6507F022A966EE007CC248 /* GetSocialSuggestedFriend+Json.m */ = {isa = PBXFileReference; fileEncoding = 4; lastKnownFileType = sourcecode.c.objc; name = "GetSocialSuggestedFriend+Json.m"; path = "SocialGraph/GetSocialSuggestedFriend+Json.m"; sourceTree = "<group>"; };
		BC84890B22B9787F001C43ED /* GetSocialUserReference+Json.h */ = {isa = PBXFileReference; fileEncoding = 4; lastKnownFileType = sourcecode.c.h; path = "GetSocialUserReference+Json.h"; sourceTree = "<group>"; };
		BC84890C22B9787F001C43ED /* GetSocialUserReference+Json.m */ = {isa = PBXFileReference; fileEncoding = 4; lastKnownFileType = sourcecode.c.objc; path = "GetSocialUserReference+Json.m"; sourceTree = "<group>"; };
		BC9BF9C222CF76DE00B0136C /* GetSocialNotificationsSummary+Json.m */ = {isa = PBXFileReference; fileEncoding = 4; lastKnownFileType = sourcecode.c.objc; name = "GetSocialNotificationsSummary+Json.m"; path = "PushNotifications/GetSocialNotificationsSummary+Json.m"; sourceTree = "<group>"; };
		BC9BF9C322CF76DE00B0136C /* GetSocialNotification+Json.h */ = {isa = PBXFileReference; fileEncoding = 4; lastKnownFileType = sourcecode.c.h; name = "GetSocialNotification+Json.h"; path = "PushNotifications/GetSocialNotification+Json.h"; sourceTree = "<group>"; };
		BC9BF9C422CF76DE00B0136C /* GetSocialNotification+Json.m */ = {isa = PBXFileReference; fileEncoding = 4; lastKnownFileType = sourcecode.c.objc; name = "GetSocialNotification+Json.m"; path = "PushNotifications/GetSocialNotification+Json.m"; sourceTree = "<group>"; };
		BC9BF9C522CF76DE00B0136C /* GetSocialActionButton+Json.h */ = {isa = PBXFileReference; fileEncoding = 4; lastKnownFileType = sourcecode.c.h; name = "GetSocialActionButton+Json.h"; path = "PushNotifications/GetSocialActionButton+Json.h"; sourceTree = "<group>"; };
		BC9BF9C622CF76DE00B0136C /* GetSocialActionButton+Json.m */ = {isa = PBXFileReference; fileEncoding = 4; lastKnownFileType = sourcecode.c.objc; name = "GetSocialActionButton+Json.m"; path = "PushNotifications/GetSocialActionButton+Json.m"; sourceTree = "<group>"; };
		BC9BF9C722CF76DE00B0136C /* GetSocialNotificationsSummary+Json.h */ = {isa = PBXFileReference; fileEncoding = 4; lastKnownFileType = sourcecode.c.h; name = "GetSocialNotificationsSummary+Json.h"; path = "PushNotifications/GetSocialNotificationsSummary+Json.h"; sourceTree = "<group>"; };
		BC9BF9CC22CF781800B0136C /* GetSocialAction+Json.m */ = {isa = PBXFileReference; fileEncoding = 4; lastKnownFileType = sourcecode.c.objc; name = "GetSocialAction+Json.m"; path = "Actions/GetSocialAction+Json.m"; sourceTree = "<group>"; };
		BC9BF9CD22CF781800B0136C /* GetSocialAction+Json.h */ = {isa = PBXFileReference; fileEncoding = 4; lastKnownFileType = sourcecode.c.h; name = "GetSocialAction+Json.h"; path = "Actions/GetSocialAction+Json.h"; sourceTree = "<group>"; };
/* End PBXFileReference section */

/* Begin PBXFrameworksBuildPhase section */
		58B511D81A9E6C8500147676 /* Frameworks */ = {
			isa = PBXFrameworksBuildPhase;
			buildActionMask = 2147483647;
			files = (
			);
			runOnlyForDeploymentPostprocessing = 0;
		};
/* End PBXFrameworksBuildPhase section */

/* Begin PBXGroup section */
		134814211AA4EA7D00B7C361 /* Products */ = {
			isa = PBXGroup;
			children = (
				134814201AA4EA6300B7C361 /* libRNGetSocial.a */,
			);
			name = Products;
			sourceTree = "<group>";
		};
		58B511D21A9E6C8500147676 = {
			isa = PBXGroup;
			children = (
				BC2E50182269D6FF00AB8286 /* Extensions */,
				B3E7B5881CC2AC0600A0062D /* RNGetSocial.h */,
				B3E7B5891CC2AC0600A0062D /* RNGetSocial.m */,
				134814211AA4EA7D00B7C361 /* Products */,
			);
			sourceTree = "<group>";
		};
		BC2E50182269D6FF00AB8286 /* Extensions */ = {
			isa = PBXGroup;
			children = (
				BC2E50272269D84A00AB8286 /* GetSocial */,
				BC2E50262269D82300AB8286 /* Cocoa */,
				BC2E50252269D7DB00AB8286 /* Json.h */,
			);
			path = Extensions;
			sourceTree = "<group>";
		};
		BC2E501A2269D72D00AB8286 /* UserManagement */ = {
			isa = PBXGroup;
			children = (
				BC84890B22B9787F001C43ED /* GetSocialUserReference+Json.h */,
				BC84890C22B9787F001C43ED /* GetSocialUserReference+Json.m */,
				BC2E50222269D7CA00AB8286 /* GetSocialPublicUser+Json.h */,
				BC2E50232269D7CA00AB8286 /* GetSocialPublicUser+Json.m */,
			);
			path = UserManagement;
			sourceTree = "<group>";
		};
		BC2E501B2269D77800AB8286 /* SmartInvites */ = {
			isa = PBXGroup;
			children = (
				BC11113422AAF55D001B894D /* GetSocialInviteChannel+Json.h */,
				BC11113322AAF55D001B894D /* GetSocialInviteChannel+Json.m */,
				BC11113222AAF55D001B894D /* GetSocialInviteContent+Json.h */,
				BC11113522AAF55D001B894D /* GetSocialInviteContent+Json.m */,
				BC2E501F2269D7C300AB8286 /* GetSocialReferralData+Json.h */,
				BC2E501C2269D7C300AB8286 /* GetSocialReferralData+Json.m */,
				BC2E501E2269D7C300AB8286 /* GetSocialReferredUser+Json.h */,
				BC2E501D2269D7C300AB8286 /* GetSocialReferredUser+Json.m */,
			);
			path = SmartInvites;
			sourceTree = "<group>";
		};
		BC2E50262269D82300AB8286 /* Cocoa */ = {
			isa = PBXGroup;
			children = (
				BC11113922AAF60D001B894D /* UIImage+GetSocial.h */,
				BC11113822AAF60D001B894D /* UIImage+GetSocial.m */,
				BC2E502B2269D86300AB8286 /* NSArray+GetSocial.h */,
				BC2E502D2269D86300AB8286 /* NSArray+GetSocial.m */,
				BC2E502A2269D86300AB8286 /* NSDictionary+GetSocial.h */,
				BC2E502F2269D86300AB8286 /* NSDictionary+GetSocial.m */,
				BC2E50322269D86400AB8286 /* NSError+GetSocial.h */,
				BC2E50282269D86300AB8286 /* NSError+GetSocial.m */,
				BC2E502C2269D86300AB8286 /* NSMutableDictionary+GetSocial.h */,
				BC2E502E2269D86300AB8286 /* NSMutableDictionary+GetSocial.m */,
				BC2E50302269D86300AB8286 /* NSObject+Json.h */,
				BC2E50312269D86300AB8286 /* NSObject+Json.m */,
			);
			path = Cocoa;
			sourceTree = "<group>";
		};
		BC2E50272269D84A00AB8286 /* GetSocial */ = {
			isa = PBXGroup;
			children = (
				BC9BF9CB22CF780F00B0136C /* Actions */,
				BC9BF9C122CF76CD00B0136C /* PushNotifications */,
				BC6507EE22A966DF007CC248 /* SocialGraph */,
				BC2E501B2269D77800AB8286 /* SmartInvites */,
				BC2E501A2269D72D00AB8286 /* UserManagement */,
			);
			path = GetSocial;
			sourceTree = "<group>";
		};
		BC6507EE22A966DF007CC248 /* SocialGraph */ = {
			isa = PBXGroup;
			children = (
				BC6507EF22A966EE007CC248 /* GetSocialSuggestedFriend+Json.h */,
				BC6507F022A966EE007CC248 /* GetSocialSuggestedFriend+Json.m */,
			);
			name = SocialGraph;
			sourceTree = "<group>";
		};
		BC9BF9C122CF76CD00B0136C /* PushNotifications */ = {
			isa = PBXGroup;
			children = (
				BC9BF9C522CF76DE00B0136C /* GetSocialActionButton+Json.h */,
				BC9BF9C622CF76DE00B0136C /* GetSocialActionButton+Json.m */,
				BC9BF9C322CF76DE00B0136C /* GetSocialNotification+Json.h */,
				BC9BF9C422CF76DE00B0136C /* GetSocialNotification+Json.m */,
				BC9BF9C722CF76DE00B0136C /* GetSocialNotificationsSummary+Json.h */,
				BC9BF9C222CF76DE00B0136C /* GetSocialNotificationsSummary+Json.m */,
			);
			name = PushNotifications;
			sourceTree = "<group>";
		};
		BC9BF9CB22CF780F00B0136C /* Actions */ = {
			isa = PBXGroup;
			children = (
				BC9BF9CD22CF781800B0136C /* GetSocialAction+Json.h */,
				BC9BF9CC22CF781800B0136C /* GetSocialAction+Json.m */,
			);
			name = Actions;
			sourceTree = "<group>";
		};
/* End PBXGroup section */

/* Begin PBXNativeTarget section */
		58B511DA1A9E6C8500147676 /* RNGetSocial */ = {
			isa = PBXNativeTarget;
			buildConfigurationList = 58B511EF1A9E6C8500147676 /* Build configuration list for PBXNativeTarget "RNGetSocial" */;
			buildPhases = (
				58B511D71A9E6C8500147676 /* Sources */,
				58B511D81A9E6C8500147676 /* Frameworks */,
				58B511D91A9E6C8500147676 /* CopyFiles */,
			);
			buildRules = (
			);
			dependencies = (
			);
			name = RNGetSocial;
			productName = RCTDataManager;
			productReference = 134814201AA4EA6300B7C361 /* libRNGetSocial.a */;
			productType = "com.apple.product-type.library.static";
		};
/* End PBXNativeTarget section */

/* Begin PBXProject section */
		58B511D31A9E6C8500147676 /* Project object */ = {
			isa = PBXProject;
			attributes = {
				LastUpgradeCheck = 0920;
				ORGANIZATIONNAME = Facebook;
				TargetAttributes = {
					58B511DA1A9E6C8500147676 = {
						CreatedOnToolsVersion = 6.1.1;
					};
				};
			};
			buildConfigurationList = 58B511D61A9E6C8500147676 /* Build configuration list for PBXProject "RNGetSocial" */;
			compatibilityVersion = "Xcode 3.2";
			developmentRegion = English;
			hasScannedForEncodings = 0;
			knownRegions = (
				English,
				en,
			);
			mainGroup = 58B511D21A9E6C8500147676;
			productRefGroup = 58B511D21A9E6C8500147676;
			projectDirPath = "";
			projectRoot = "";
			targets = (
				58B511DA1A9E6C8500147676 /* RNGetSocial */,
			);
		};
/* End PBXProject section */

/* Begin PBXSourcesBuildPhase section */
		58B511D71A9E6C8500147676 /* Sources */ = {
			isa = PBXSourcesBuildPhase;
			buildActionMask = 2147483647;
			files = (
				BC2E50372269D86400AB8286 /* NSDictionary+GetSocial.m in Sources */,
				BC2E50202269D7C300AB8286 /* GetSocialReferralData+Json.m in Sources */,
				BC2E50212269D7C300AB8286 /* GetSocialReferredUser+Json.m in Sources */,
				BC11113A22AAF60D001B894D /* UIImage+GetSocial.m in Sources */,
				BC84890D22B9787F001C43ED /* GetSocialUserReference+Json.m in Sources */,
				BC2E50352269D86400AB8286 /* NSArray+GetSocial.m in Sources */,
				B3E7B58A1CC2AC0600A0062D /* RNGetSocial.m in Sources */,
				BC6507F122A966EE007CC248 /* GetSocialSuggestedFriend+Json.m in Sources */,
				BC11113722AAF55D001B894D /* GetSocialInviteContent+Json.m in Sources */,
				BC2E50342269D86400AB8286 /* NSError+GetSocial.m in Sources */,
				BC9BF9C822CF76DE00B0136C /* GetSocialNotificationsSummary+Json.m in Sources */,
				BC2E50242269D7CB00AB8286 /* GetSocialPublicUser+Json.m in Sources */,
				BC2E50382269D86400AB8286 /* NSObject+Json.m in Sources */,
				BC9BF9CE22CF781800B0136C /* GetSocialAction+Json.m in Sources */,
				BC11113622AAF55D001B894D /* GetSocialInviteChannel+Json.m in Sources */,
				BC9BF9C922CF76DE00B0136C /* GetSocialNotification+Json.m in Sources */,
				BC9BF9CA22CF76DE00B0136C /* GetSocialActionButton+Json.m in Sources */,
				BC2E50362269D86400AB8286 /* NSMutableDictionary+GetSocial.m in Sources */,
			);
			runOnlyForDeploymentPostprocessing = 0;
		};
/* End PBXSourcesBuildPhase section */

/* Begin XCBuildConfiguration section */
		58B511ED1A9E6C8500147676 /* Debug */ = {
			isa = XCBuildConfiguration;
			buildSettings = {
				ALWAYS_SEARCH_USER_PATHS = NO;
				CLANG_CXX_LANGUAGE_STANDARD = "gnu++0x";
				CLANG_CXX_LIBRARY = "libc++";
				CLANG_ENABLE_MODULES = YES;
				CLANG_ENABLE_OBJC_ARC = YES;
				CLANG_WARN_BLOCK_CAPTURE_AUTORELEASING = YES;
				CLANG_WARN_BOOL_CONVERSION = YES;
				CLANG_WARN_COMMA = YES;
				CLANG_WARN_CONSTANT_CONVERSION = YES;
				CLANG_WARN_DIRECT_OBJC_ISA_USAGE = YES_ERROR;
				CLANG_WARN_EMPTY_BODY = YES;
				CLANG_WARN_ENUM_CONVERSION = YES;
				CLANG_WARN_INFINITE_RECURSION = YES;
				CLANG_WARN_INT_CONVERSION = YES;
				CLANG_WARN_NON_LITERAL_NULL_CONVERSION = YES;
				CLANG_WARN_OBJC_LITERAL_CONVERSION = YES;
				CLANG_WARN_OBJC_ROOT_CLASS = YES_ERROR;
				CLANG_WARN_RANGE_LOOP_ANALYSIS = YES;
				CLANG_WARN_STRICT_PROTOTYPES = YES;
				CLANG_WARN_SUSPICIOUS_MOVE = YES;
				CLANG_WARN_UNREACHABLE_CODE = YES;
				CLANG_WARN__DUPLICATE_METHOD_MATCH = YES;
				COPY_PHASE_STRIP = NO;
				ENABLE_STRICT_OBJC_MSGSEND = YES;
				ENABLE_TESTABILITY = YES;
				GCC_C_LANGUAGE_STANDARD = gnu99;
				GCC_DYNAMIC_NO_PIC = NO;
				GCC_NO_COMMON_BLOCKS = YES;
				GCC_OPTIMIZATION_LEVEL = 0;
				GCC_PREPROCESSOR_DEFINITIONS = (
					"DEBUG=1",
					"$(inherited)",
				);
				GCC_SYMBOLS_PRIVATE_EXTERN = NO;
				GCC_WARN_64_TO_32_BIT_CONVERSION = YES;
				GCC_WARN_ABOUT_RETURN_TYPE = YES_ERROR;
				GCC_WARN_UNDECLARED_SELECTOR = YES;
				GCC_WARN_UNINITIALIZED_AUTOS = YES_AGGRESSIVE;
				GCC_WARN_UNUSED_FUNCTION = YES;
				GCC_WARN_UNUSED_VARIABLE = YES;
				IPHONEOS_DEPLOYMENT_TARGET = 8.0;
				MTL_ENABLE_DEBUG_INFO = YES;
				ONLY_ACTIVE_ARCH = YES;
				SDKROOT = iphoneos;
			};
			name = Debug;
		};
		58B511EE1A9E6C8500147676 /* Release */ = {
			isa = XCBuildConfiguration;
			buildSettings = {
				ALWAYS_SEARCH_USER_PATHS = NO;
				CLANG_CXX_LANGUAGE_STANDARD = "gnu++0x";
				CLANG_CXX_LIBRARY = "libc++";
				CLANG_ENABLE_MODULES = YES;
				CLANG_ENABLE_OBJC_ARC = YES;
				CLANG_WARN_BLOCK_CAPTURE_AUTORELEASING = YES;
				CLANG_WARN_BOOL_CONVERSION = YES;
				CLANG_WARN_COMMA = YES;
				CLANG_WARN_CONSTANT_CONVERSION = YES;
				CLANG_WARN_DIRECT_OBJC_ISA_USAGE = YES_ERROR;
				CLANG_WARN_EMPTY_BODY = YES;
				CLANG_WARN_ENUM_CONVERSION = YES;
				CLANG_WARN_INFINITE_RECURSION = YES;
				CLANG_WARN_INT_CONVERSION = YES;
				CLANG_WARN_NON_LITERAL_NULL_CONVERSION = YES;
				CLANG_WARN_OBJC_LITERAL_CONVERSION = YES;
				CLANG_WARN_OBJC_ROOT_CLASS = YES_ERROR;
				CLANG_WARN_RANGE_LOOP_ANALYSIS = YES;
				CLANG_WARN_STRICT_PROTOTYPES = YES;
				CLANG_WARN_SUSPICIOUS_MOVE = YES;
				CLANG_WARN_UNREACHABLE_CODE = YES;
				CLANG_WARN__DUPLICATE_METHOD_MATCH = YES;
				COPY_PHASE_STRIP = YES;
				ENABLE_NS_ASSERTIONS = NO;
				ENABLE_STRICT_OBJC_MSGSEND = YES;
				GCC_C_LANGUAGE_STANDARD = gnu99;
				GCC_NO_COMMON_BLOCKS = YES;
				GCC_WARN_64_TO_32_BIT_CONVERSION = YES;
				GCC_WARN_ABOUT_RETURN_TYPE = YES_ERROR;
				GCC_WARN_UNDECLARED_SELECTOR = YES;
				GCC_WARN_UNINITIALIZED_AUTOS = YES_AGGRESSIVE;
				GCC_WARN_UNUSED_FUNCTION = YES;
				GCC_WARN_UNUSED_VARIABLE = YES;
				IPHONEOS_DEPLOYMENT_TARGET = 8.0;
				MTL_ENABLE_DEBUG_INFO = NO;
				SDKROOT = iphoneos;
				VALIDATE_PRODUCT = YES;
			};
			name = Release;
		};
		58B511F01A9E6C8500147676 /* Debug */ = {
			isa = XCBuildConfiguration;
			buildSettings = {
				FRAMEWORK_SEARCH_PATHS = (
					"$(SRCROOT)/../../demo/ios/GetSocial/",
					"$(PROJECT_DIR)/../../../ios/GetSocial/",
				);
				HEADER_SEARCH_PATHS = (
					"$(inherited)",
					/Applications/Xcode.app/Contents/Developer/Toolchains/XcodeDefault.xctoolchain/usr/include,
					"$(SRCROOT)/../../../React/**",
					"$(SRCROOT)/../../react-native/React/**",
				);
				LIBRARY_SEARCH_PATHS = "$(inherited)";
				OTHER_LDFLAGS = "-ObjC";
				PRODUCT_NAME = RNGetSocial;
				SKIP_INSTALL = YES;
			};
			name = Debug;
		};
		58B511F11A9E6C8500147676 /* Release */ = {
			isa = XCBuildConfiguration;
			buildSettings = {
				FRAMEWORK_SEARCH_PATHS = (
					"$(SRCROOT)/../../demo/ios/GetSocial/",
					"$(PROJECT_DIR)/../../../ios/GetSocial/",
				);
				HEADER_SEARCH_PATHS = (
					"$(inherited)",
					/Applications/Xcode.app/Contents/Developer/Toolchains/XcodeDefault.xctoolchain/usr/include,
					"$(SRCROOT)/../../../React/**",
					"$(SRCROOT)/../../react-native/React/**",
				);
				LIBRARY_SEARCH_PATHS = "$(inherited)";
				OTHER_LDFLAGS = "-ObjC";
				PRODUCT_NAME = RNGetSocial;
				SKIP_INSTALL = YES;
			};
			name = Release;
		};
/* End XCBuildConfiguration section */

/* Begin XCConfigurationList section */
		58B511D61A9E6C8500147676 /* Build configuration list for PBXProject "RNGetSocial" */ = {
			isa = XCConfigurationList;
			buildConfigurations = (
				58B511ED1A9E6C8500147676 /* Debug */,
				58B511EE1A9E6C8500147676 /* Release */,
			);
			defaultConfigurationIsVisible = 0;
			defaultConfigurationName = Release;
		};
		58B511EF1A9E6C8500147676 /* Build configuration list for PBXNativeTarget "RNGetSocial" */ = {
			isa = XCConfigurationList;
			buildConfigurations = (
				58B511F01A9E6C8500147676 /* Debug */,
				58B511F11A9E6C8500147676 /* Release */,
			);
			defaultConfigurationIsVisible = 0;
			defaultConfigurationName = Release;
		};
/* End XCConfigurationList section */
	};
	rootObject = 58B511D31A9E6C8500147676 /* Project object */;
}
